# THIS IS AN AUTOGENERATED FILE. DO NOT EDIT THIS FILE DIRECTLY.
# yarn lockfile v1


fastest-validator@^1.19.0:
  version "1.19.0"
  resolved "https://registry.yarnpkg.com/fastest-validator/-/fastest-validator-1.19.0.tgz#96f792ce774a81a76efba32974e669c47a2b15eb"
  integrity sha512-wUfJBrXmccVz4kARAiWTkuqsC6EFeqbNxwfysCDk+maExBPP8KxyBwaWtayrWjKIaBIbaz+rqI2kel6ecayxcg==
